
Microsoft Visual Studio Solution File, Format Version 12.00
# Visual Studio Version 16
VisualStudioVersion = 16.0.30011.22
MinimumVisualStudioVersion = 10.0.40219.1
Project("{9A19103F-16F7-4668-BE54-9A1E7A4F7556}") = "P01_StudentSystem", "P01_StudentSystem\P01_StudentSystem.csproj", "{F441A6C5-3D7D-44A4-A776-D417836D7204}"
EndProject
Project("{FAE04EC0-301F-11D3-BF4B-00C04F79EFBC}") = "P01_StudentSystem.Data", "P01_StudentSystem.Data\P01_StudentSystem.Data.csproj", "{8B803706-429B-4530-BDB6-16EFADDCDF93}"
EndProject
Project("{FAE04EC0-301F-11D3-BF4B-00C04F79EFBC}") = "P01_StudentSystem.Data.Models", "P01_StudentSystem.Data.Models\P01_StudentSystem.Data.Models.csproj", "{875D9D87-B110-48BE-A37C-822AF65196B8}"
EndProject
Global
	GlobalSection(SolutionConfigurationPlatforms) = preSolution
		Debug|Any CPU = Debug|Any CPU
		Release|Any CPU = Release|Any CPU
	EndGlobalSection
	GlobalSection(ProjectConfigurationPlatforms) = postSolution
		{F441A6C5-3D7D-44A4-A776-D417836D7204}.Debug|Any CPU.ActiveCfg = Debug|Any CPU
		{F441A6C5-3D7D-44A4-A776-D417836D7204}.Debug|Any CPU.Build.0 = Debug|Any CPU
		{F441A6C5-3D7D-44A4-A776-D417836D7204}.Release|Any CPU.ActiveCfg = Release|Any CPU
		{F441A6C5-3D7D-44A4-A776-D417836D7204}.Release|Any CPU.Build.0 = Release|Any CPU
		{8B803706-429B-4530-BDB6-16EFADDCDF93}.Debug|Any CPU.ActiveCfg = Debug|Any CPU
		{8B803706-429B-4530-BDB6-16EFADDCDF93}.Debug|Any CPU.Build.0 = Debug|Any CPU
		{8B803706-429B-4530-BDB6-16EFADDCDF93}.Release|Any CPU.ActiveCfg = Release|Any CPU
		{8B803706-429B-4530-BDB6-16EFADDCDF93}.Release|Any CPU.Build.0 = Release|Any CPU
		{875D9D87-B110-48BE-A37C-822AF65196B8}.Debug|Any CPU.ActiveCfg = Debug|Any CPU
		{875D9D87-B110-48BE-A37C-822AF65196B8}.Debug|Any CPU.Build.0 = Debug|Any CPU
		{875D9D87-B110-48BE-A37C-822AF65196B8}.Release|Any CPU.ActiveCfg = Release|Any CPU
		{875D9D87-B110-48BE-A37C-822AF65196B8}.Release|Any CPU.Build.0 = Release|Any CPU
	EndGlobalSection
	GlobalSection(SolutionProperties) = preSolution
		HideSolutionNode = FALSE
	EndGlobalSection
	GlobalSection(ExtensibilityGlobals) = postSolution
		SolutionGuid = {8B902F7E-D93E-4CFE-827B-E13C3F860EAF}
	EndGlobalSection
EndGlobal
